hash: 2941433381335dbb4b1db9632fb1a497a650067ebfb68e2e1bbfa88378fe50d3
updated: 2018-07-03T15:09:52.968719521+05:30
imports:
- name: github.com/dgrijalva/jwt-go
  version: 06ea1031745cb8b3dab3f6a236daf2b0aa468b7e
- name: github.com/fsnotify/fsnotify
  version: c2828203cd70a50dcccfb2761f8b1f8ceef9a8e9
- name: github.com/hashicorp/hcl
  version: ef8a98b0bbce4a65b5aa4c368430a80ddc533168
  subpackages:
  - hcl/ast
  - hcl/parser
  - hcl/printer
  - hcl/scanner
  - hcl/strconv
  - hcl/token
  - json/parser
  - json/scanner
  - json/token
- name: github.com/labstack/echo
  version: 6d227dfea4d2e52cb76856120b3c17f758139b4e
  subpackages:
  - middleware
- name: github.com/labstack/gommon
  version: d6898124de917583f5ff5592ef931d1dfe0ddc05
  subpackages:
  - bytes
  - color
  - log
  - random
- name: github.com/magiconair/properties
  version: c2353362d570a7bfa228149c62842019201cfb71
- name: github.com/mattn/go-colorable
  version: efa589957cd060542a26d2dd7832fd6a6c6c3ade
- name: github.com/mattn/go-isatty
  version: 6ca4dbf54d38eea1a992b3c722a76a5d1c4cb25c
- name: github.com/mitchellh/mapstructure
  version: bb74f1db0675b241733089d5a1faa5dd8b0ef57b
- name: github.com/pelletier/go-toml
  version: c01d1270ff3e442a8a57cddc1c92dc1138598194
- name: github.com/plivo/go-plivolog
  version: 9d3b40f58aadc6db7a40f2b590e0d704522ef96d
  subpackages:
  - plivolog
- name: github.com/sirupsen/logrus
  version: c155da19408a8799da419ed3eeb0cb5db0ad5dbc
  subpackages:
  - hooks/syslog
- name: github.com/spf13/afero
  version: 787d034dfe70e44075ccc060d346146ef53270ad
  subpackages:
  - mem
- name: github.com/spf13/cast
  version: 8965335b8c7107321228e3e3702cab9832751bac
- name: github.com/spf13/jwalterweatherman
  version: 7c0cea34c8ece3fbeb2b27ab9b59511d360fb394
- name: github.com/spf13/pflag
  version: 3ebe029320b2676d667ae88da602a5f854788a8a
- name: github.com/spf13/viper
  version: b5e8006cbee93ec955a89ab31e0e3ce3204f3736
- name: github.com/valyala/bytebufferpool
  version: e746df99fe4a3986f4d4f79e13c1e0117ce9c2f7
- name: github.com/valyala/fasttemplate
  version: dcecefd839c4193db0d35b88ec65b4c12d360ab0
- name: golang.org/x/crypto
  version: a49355c7e3f8fe157a85be2f77e6e269a0f89602
  subpackages:
  - acme
  - acme/autocert
  - ssh/terminal
- name: golang.org/x/sys
  version: 7138fd3d9dc8335c567ca206f4333fb75eb05d56
  subpackages:
  - unix
  - windows
- name: golang.org/x/text
  version: c0fe8dde8a10c9b32154bd9bdf080b8b3d635127
  subpackages:
  - transform
  - unicode/norm
- name: gopkg.in/yaml.v2
  version: 5420a8b6744d3b0345ab293f6fcba19c978f1183
testImports: []
